
Microsoft Visual Studio Solution File, Format Version 12.00
# Visual Studio Version 17
VisualStudioVersion = 17.4.33122.133
MinimumVisualStudioVersion = 10.0.40219.1
Project("{FAE04EC0-301F-11D3-BF4B-00C04F79EFBC}") = "MyEvernote.WebUI", "MyEvernote.WebUI\MyEvernote.WebUI.csproj", "{58D9B5EB-DA1A-468A-8B00-5BE88322D5A9}"
EndProject
Project("{FAE04EC0-301F-11D3-BF4B-00C04F79EFBC}") = "MyEvernote.BusinessLayer", "MyEvernote.BusinessLayer\MyEvernote.BusinessLayer.csproj", "{1B491926-A161-4D12-8FAB-B3A8B65C10CD}"
EndProject
Project("{FAE04EC0-301F-11D3-BF4B-00C04F79EFBC}") = "MyEvernote.DataAccessLayer", "MyEvernote.DataAccessLayer\MyEvernote.DataAccessLayer.csproj", "{044C7557-0C24-4BB2-B0B9-91AC717261AE}"
EndProject
Project("{FAE04EC0-301F-11D3-BF4B-00C04F79EFBC}") = "MyEvernote.Entity", "MyEvernote.Entity\MyEvernote.Entity.csproj", "{E60F6D08-7D8D-492D-874F-C92A1E523B09}"
EndProject
Project("{FAE04EC0-301F-11D3-BF4B-00C04F79EFBC}") = "MyEvernote.Common", "MyEvernote.Common\MyEvernote.Common.csproj", "{4BE3A430-2197-42C2-9363-124070B5FB38}"
EndProject
Project("{FAE04EC0-301F-11D3-BF4B-00C04F79EFBC}") = "MyEvernote.Core", "MyEvernote.Core\MyEvernote.Core.csproj", "{591713C3-D614-41E4-81A1-33BE6B29E8D9}"
EndProject
Global
	GlobalSection(SolutionConfigurationPlatforms) = preSolution
		Debug|Any CPU = Debug|Any CPU
		Release|Any CPU = Release|Any CPU
	EndGlobalSection
	GlobalSection(ProjectConfigurationPlatforms) = postSolution
		{58D9B5EB-DA1A-468A-8B00-5BE88322D5A9}.Debug|Any CPU.ActiveCfg = Debug|Any CPU
		{58D9B5EB-DA1A-468A-8B00-5BE88322D5A9}.Debug|Any CPU.Build.0 = Debug|Any CPU
		{58D9B5EB-DA1A-468A-8B00-5BE88322D5A9}.Release|Any CPU.ActiveCfg = Release|Any CPU
		{58D9B5EB-DA1A-468A-8B00-5BE88322D5A9}.Release|Any CPU.Build.0 = Release|Any CPU
		{1B491926-A161-4D12-8FAB-B3A8B65C10CD}.Debug|Any CPU.ActiveCfg = Debug|Any CPU
		{1B491926-A161-4D12-8FAB-B3A8B65C10CD}.Debug|Any CPU.Build.0 = Debug|Any CPU
		{1B491926-A161-4D12-8FAB-B3A8B65C10CD}.Release|Any CPU.ActiveCfg = Release|Any CPU
		{1B491926-A161-4D12-8FAB-B3A8B65C10CD}.Release|Any CPU.Build.0 = Release|Any CPU
		{044C7557-0C24-4BB2-B0B9-91AC717261AE}.Debug|Any CPU.ActiveCfg = Debug|Any CPU
		{044C7557-0C24-4BB2-B0B9-91AC717261AE}.Debug|Any CPU.Build.0 = Debug|Any CPU
		{044C7557-0C24-4BB2-B0B9-91AC717261AE}.Release|Any CPU.ActiveCfg = Release|Any CPU
		{044C7557-0C24-4BB2-B0B9-91AC717261AE}.Release|Any CPU.Build.0 = Release|Any CPU
		{E60F6D08-7D8D-492D-874F-C92A1E523B09}.Debug|Any CPU.ActiveCfg = Debug|Any CPU
		{E60F6D08-7D8D-492D-874F-C92A1E523B09}.Debug|Any CPU.Build.0 = Debug|Any CPU
		{E60F6D08-7D8D-492D-874F-C92A1E523B09}.Release|Any CPU.ActiveCfg = Release|Any CPU
		{E60F6D08-7D8D-492D-874F-C92A1E523B09}.Release|Any CPU.Build.0 = Release|Any CPU
		{4BE3A430-2197-42C2-9363-124070B5FB38}.Debug|Any CPU.ActiveCfg = Debug|Any CPU
		{4BE3A430-2197-42C2-9363-124070B5FB38}.Debug|Any CPU.Build.0 = Debug|Any CPU
		{4BE3A430-2197-42C2-9363-124070B5FB38}.Release|Any CPU.ActiveCfg = Release|Any CPU
		{4BE3A430-2197-42C2-9363-124070B5FB38}.Release|Any CPU.Build.0 = Release|Any CPU
		{591713C3-D614-41E4-81A1-33BE6B29E8D9}.Debug|Any CPU.ActiveCfg = Debug|Any CPU
		{591713C3-D614-41E4-81A1-33BE6B29E8D9}.Debug|Any CPU.Build.0 = Debug|Any CPU
		{591713C3-D614-41E4-81A1-33BE6B29E8D9}.Release|Any CPU.ActiveCfg = Release|Any CPU
		{591713C3-D614-41E4-81A1-33BE6B29E8D9}.Release|Any CPU.Build.0 = Release|Any CPU
	EndGlobalSection
	GlobalSection(SolutionProperties) = preSolution
		HideSolutionNode = FALSE
	EndGlobalSection
	GlobalSection(ExtensibilityGlobals) = postSolution
		SolutionGuid = {15371DA3-B9E5-45AE-821C-6B19C5C59999}
	EndGlobalSection
EndGlobal
